{
  "requires": true,
  "lockfileVersion": 1,
  "dependencies": {
    "uview-ui": {
      "version": "1.4.3",
      "resolved": "https://registry.npm.taobao.org/uview-ui/download/uview-ui-1.4.3.tgz",
      "integrity": "sha1-iZXwicmK50MPu87vgbDDTBmm8eE="
    },
    "vue": {
      "version": "2.6.11",
      "resolved": "https://registry.npm.taobao.org/vue/download/vue-2.6.11.tgz",
      "integrity": "sha1-dllNh31LEiNEBuhONSdcbVFBJcU="
    }
  }
}
